{
  "requires": true,
  "lockfileVersion": 1,
  "dependencies": {
    "react-websocket": {
      "version": "2.0.0",
      "resolved": "https://registry.npmjs.org/react-websocket/-/react-websocket-2.0.0.tgz",
      "integrity": "sha512-wbFrc8na2Mb4P+WRfQO71RRREntn4hXL4qJnt0XHJWIKkt/tfProUJ7OUlFtjAMQ085Z+0pw22ojnyP6VBR2dg=="
    }
  }
}
